github.com/HoppenR/streamchecker v0.0.0-20231001201523-337c718394f7 h1:DoqrI4B3ktlYK72/iH5o7axj8PGgddmZTg6ULtsbuhA=
github.com/HoppenR/streamchecker v0.0.0-20231001201523-337c718394f7/go.mod h1:uUqNqHrXg2i5UtsdQT+K3P910G4p5X1ctpCJXW9v5MQ=
github.com/HoppenR/streamchecker v0.0.0-20231001201623-26d686c0a88e h1:WuneaAux9k+94iZskPDxh1LVnYvHr399/R5khf/a3Go=
github.com/HoppenR/streamchecker v0.0.0-20231001201623-26d686c0a88e/go.mod h1:uUqNqHrXg2i5UtsdQT+K3P910G4p5X1ctpCJXW9v5MQ=
github.com/HoppenR/streamchecker v0.0.0-20231001201739-336a962f5615 h1:o5w0B7rezUvFg/6kFzZEYAucUhKakUAEFHFVE+N4Cok=
github.com/HoppenR/streamchecker v0.0.0-20231001201739-336a962f5615/go.mod h1:uUqNqHrXg2i5UtsdQT+K3P910G4p5X1ctpCJXW9v5MQ=
github.com/HoppenR/streamchecker v0.0.0-20231001202114-c181a550db7b h1:7LtnHU0QcFtZkUVXr+fZnaztLyMryqrEn8LYfGRdHBs=
github.com/HoppenR/streamchecker v0.0.0-20231001202114-c181a550db7b/go.mod h1:uUqNqHrXg2i5UtsdQT+K3P910G4p5X1ctpCJXW9v5MQ=
github.com/HoppenR/streamchecker v0.0.0-20231001202423-6e23cca91bb2 h1:KDiR8MnAxoVz0r0xTiBkqFAWWRMoP1kqJ9hj+uOP/Dw=
github.com/HoppenR/streamchecker v0.0.0-20231001202423-6e23cca91bb2/go.mod h1:uUqNqHrXg2i5UtsdQT+K3P910G4p5X1ctpCJXW9v5MQ=
github.com/HoppenR/streamchecker v0.0.0-20231001202659-6f6a3e5e1fe4 h1:3oYUO8ABjZTz+03NWamnSMh7+sbouPYzyHPpGRI0sBA=
github.com/HoppenR/streamchecker v0.0.0-20231001202659-6f6a3e5e1fe4/go.mod h1:uUqNqHrXg2i5UtsdQT+K3P910G4p5X1ctpCJXW9v5MQ=
github.com/HoppenR/streamchecker v0.0.0-20231001202853-29e6dd3c00f1 h1:ZULy7/szybYEGvp1PX9jsdHenS77H3FfINZq2yu7uTk=
github.com/HoppenR/streamchecker v0.0.0-20231001202853-29e6dd3c00f1/go.mod h1:uUqNqHrXg2i5UtsdQT+K3P910G4p5X1ctpCJXW9v5MQ=
github.com/HoppenR/streamchecker v0.0.0-20231001202957-824918982e20 h1:Ruk1BNB8ja6Q+FHNa3O4D2+EQdqzHDcWtUFR9yV9Hpo=
github.com/HoppenR/streamchecker v0.0.0-20231001202957-824918982e20/go.mod h1:uUqNqHrXg2i5UtsdQT+K3P910G4p5X1ctpCJXW9v5MQ=
github.com/HoppenR/streamchecker v0.0.0-20231001203118-fe11d60954e7 h1:BhGvRjcvwotcmIHwbIRbgBd2Wc+uj2roqjwhFnkvgh0=
github.com/HoppenR/streamchecker v0.0.0-20231001203118-fe11d60954e7/go.mod h1:uUqNqHrXg2i5UtsdQT+K3P910G4p5X1ctpCJXW9v5MQ=
github.com/HoppenR/streamchecker v0.0.0-20231001203207-1686b144d411 h1:1jNCP0G8a85p5lZ8PRMn2EaPgCz8QGoAUfI81joo0Hk=
github.com/HoppenR/streamchecker v0.0.0-20231001203207-1686b144d411/go.mod h1:uUqNqHrXg2i5UtsdQT+K3P910G4p5X1ctpCJXW9v5MQ=
github.com/HoppenR/streamchecker v0.0.0-20231001203535-b32983b9549a h1:GVU9FttzVABLAGIfc+3M9/RJOoz5dJk9iEEUN1WI7Qk=
github.com/HoppenR/streamchecker v0.0.0-20231001203535-b32983b9549a/go.mod h1:uUqNqHrXg2i5UtsdQT+K3P910G4p5X1ctpCJXW9v5MQ=
github.com/HoppenR/streamchecker v0.0.0-20231001204116-1f943a4dae80 h1:tUtTOu4bcLevuglhjPH1jSQ77L6I7s6fE4Z39csKlwA=
github.com/HoppenR/streamchecker v0.0.0-20231001204116-1f943a4dae80/go.mod h1:uUqNqHrXg2i5UtsdQT+K3P910G4p5X1ctpCJXW9v5MQ=
github.com/HoppenR/streamchecker v0.0.0-20231001204459-3695262c4b84 h1:2wXj/Sr4q7+Uu6xInYDsP7EvNvXep9s4FN23J6mYRww=
github.com/HoppenR/streamchecker v0.0.0-20231001204459-3695262c4b84/go.mod h1:uUqNqHrXg2i5UtsdQT+K3P910G4p5X1ctpCJXW9v5MQ=
github.com/HoppenR/streamchecker v0.0.0-20231001205309-a740d97824ed h1:iOzIeMqVgNf4PGOp6E3EGh92Y29zlzdGuYgYyzFcPZk=
github.com/HoppenR/streamchecker v0.0.0-20231001205309-a740d97824ed/go.mod h1:uUqNqHrXg2i5UtsdQT+K3P910G4p5X1ctpCJXW9v5MQ=
github.com/HoppenR/streamchecker v0.0.0-20231001205626-21fb0c6e22b8 h1:IsKNOWhUFdWJ7dAEOH+Op4U1Rh05nToZF0TXt8XYYYM=
github.com/HoppenR/streamchecker v0.0.0-20231001205626-21fb0c6e22b8/go.mod h1:uUqNqHrXg2i5UtsdQT+K3P910G4p5X1ctpCJXW9v5MQ=
github.com/HoppenR/streamchecker v0.0.0-20231001205820-3b8d556c1700 h1:sLiCO3sDcfIjZZAoBtvdcZz//Zt3aLLnyGh3V4Hqy5Q=
github.com/HoppenR/streamchecker v0.0.0-20231001205820-3b8d556c1700/go.mod h1:uUqNqHrXg2i5UtsdQT+K3P910G4p5X1ctpCJXW9v5MQ=
github.com/HoppenR/streamchecker v0.0.0-20231001210029-61607c859e60 h1:5LcFS9DIBsuNR0X8/CgXOM7pfwAdALxrFs+DGdPZENQ=
github.com/HoppenR/streamchecker v0.0.0-20231001210029-61607c859e60/go.mod h1:uUqNqHrXg2i5UtsdQT+K3P910G4p5X1ctpCJXW9v5MQ=
github.com/HoppenR/streamchecker v0.0.0-20231001210326-10e1770aa59b h1:L/aVlTFGH+1uFkR/nkt7sAXIZ7U1gK49/j1y6nUJsKA=
github.com/HoppenR/streamchecker v0.0.0-20231001210326-10e1770aa59b/go.mod h1:uUqNqHrXg2i5UtsdQT+K3P910G4p5X1ctpCJXW9v5MQ=
github.com/gdamore/encoding v1.0.0 h1:+7OoQ1Bc6eTm5niUzBa0Ctsh6JbMW6Ra+YNuAtDBdko=
github.com/gdamore/encoding v1.0.0/go.mod h1:alR0ol34c49FCSBLjhosxzcPHQbf2trDkoo5dl+VrEg=
github.com/gdamore/tcell/v2 v2.6.0 h1:OKbluoP9VYmJwZwq/iLb4BxwKcwGthaa1YNBJIyCySg=
github.com/gdamore/tcell/v2 v2.6.0/go.mod h1:be9omFATkdr0D9qewWW3d+MEvl5dha+Etb5y65J2H8Y=
github.com/lucasb-eyer/go-colorful v1.2.0 h1:1nnpGOrhyZZuNyfu1QjKiUICQ74+3FNCN69Aj6K7nkY=
github.com/lucasb-eyer/go-colorful v1.2.0/go.mod h1:R4dSotOR9KMtayYi1e77YzuveK+i7ruzyGqttikkLy0=
github.com/mattn/go-runewidth v0.0.14/go.mod h1:Jdepj2loyihRzMpdS35Xk/zdY8IAYHsh153qUoGf23w=
github.com/mattn/go-runewidth v0.0.15 h1:UNAjwbU9l54TA3KzvqLGxwWjHmMgBUVhBiTjelZgg3U=
github.com/mattn/go-runewidth v0.0.15/go.mod h1:Jdepj2loyihRzMpdS35Xk/zdY8IAYHsh153qUoGf23w=
github.com/rivo/tview v0.0.0-20230928053139-9bc1d28d88a9 h1:NPymdplpGOYdO5OxmIvsqC7WMYIir5OGXAWlmbnlLbk=
github.com/rivo/tview v0.0.0-20230928053139-9bc1d28d88a9/go.mod h1:nVwGv4MP47T0jvlk7KuTTjjuSmrGO4JF0iaiNt4bufE=
github.com/rivo/uniseg v0.2.0/go.mod h1:J6wj4VEh+S6ZtnVlnTBMWIodfgj8LQOQFoIToxlJtxc=
github.com/rivo/uniseg v0.4.3/go.mod h1:FN3SvrM+Zdj16jyLfmOkMNblXMcoc8DfTHruCPUcx88=
github.com/rivo/uniseg v0.4.4 h1:8TfxU8dW6PdqD27gjM8MVNuicgxIjxpm4K7x4jp8sis=
github.com/rivo/uniseg v0.4.4/go.mod h1:FN3SvrM+Zdj16jyLfmOkMNblXMcoc8DfTHruCPUcx88=
github.com/yuin/goldmark v1.4.13/go.mod h1:6yULJ656Px+3vBD8DxQVa3kxgyrAnzto9xy5taEt/CY=
golang.org/x/crypto v0.0.0-20190308221718-c2843e01d9a2/go.mod h1:djNgcEr1/C05ACkg1iLfiJU5Ep61QUkGW8qpdssI0+w=
golang.org/x/crypto v0.0.0-20210921155107-089bfa567519/go.mod h1:GvvjBRRGRdwPK5ydBHafDWAxML/pGHZbMvKqRZ5+Abc=
golang.org/x/mod v0.6.0-dev.0.20220419223038-86c51ed26bb4/go.mod h1:jJ57K6gSWd91VN4djpZkiMVwK6gcyfeH4XE8wZrZaV4=
golang.org/x/mod v0.8.0/go.mod h1:iBbtSCu2XBx23ZKBPSOrRkjjQPZFPuis4dIYUhu/chs=
golang.org/x/net v0.0.0-20190620200207-3b0461eec859/go.mod h1:z5CRVTTTmAJ677TzLLGU+0bjPO0LkuOLi4/5GtJWs/s=
golang.org/x/net v0.0.0-20210226172049-e18ecbb05110/go.mod h1:m0MpNAwzfU5UDzcl9v0D8zg8gWTRqZa9RBIspLL5mdg=
golang.org/x/net v0.0.0-20220722155237-a158d28d115b/go.mod h1:XRhObCWvk6IyKnWLug+ECip1KBveYUHfp+8e9klMJ9c=
golang.org/x/net v0.6.0/go.mod h1:2Tu9+aMcznHK/AK1HMvgo6xiTLG5rD5rZLDS+rp2Bjs=
golang.org/x/sync v0.0.0-20190423024810-112230192c58/go.mod h1:RxMgew5VJxzue5/jJTE5uejpjVlOe/izrB70Jof72aM=
golang.org/x/sync v0.0.0-20220722155255-886fb9371eb4/go.mod h1:RxMgew5VJxzue5/jJTE5uejpjVlOe/izrB70Jof72aM=
golang.org/x/sync v0.1.0/go.mod h1:RxMgew5VJxzue5/jJTE5uejpjVlOe/izrB70Jof72aM=
golang.org/x/sys v0.0.0-20190215142949-d0b11bdaac8a/go.mod h1:STP8DvDyc/dI5b8T5hshtkjS+E42TnysNCUPdjciGhY=
golang.org/x/sys v0.0.0-20201119102817-f84b799fce68/go.mod h1:h1NjWce9XRLGQEsW7wpKNCjG9DtNlClVuFLEZdDNbEs=
golang.org/x/sys v0.0.0-20210615035016-665e8c7367d1/go.mod h1:oPkhp1MJrh7nUepCBck5+mAzfO9JrbApNNgaTdGDITg=
golang.org/x/sys v0.0.0-20220520151302-bc2c85ada10a/go.mod h1:oPkhp1MJrh7nUepCBck5+mAzfO9JrbApNNgaTdGDITg=
golang.org/x/sys v0.0.0-20220722155257-8c9f86f7a55f/go.mod h1:oPkhp1MJrh7nUepCBck5+mAzfO9JrbApNNgaTdGDITg=
golang.org/x/sys v0.5.0/go.mod h1:oPkhp1MJrh7nUepCBck5+mAzfO9JrbApNNgaTdGDITg=
golang.org/x/sys v0.12.0 h1:CM0HF96J0hcLAwsHPJZjfdNzs0gftsLfgKt57wWHJ0o=
golang.org/x/sys v0.12.0/go.mod h1:oPkhp1MJrh7nUepCBck5+mAzfO9JrbApNNgaTdGDITg=
golang.org/x/term v0.0.0-20201126162022-7de9c90e9dd1/go.mod h1:bj7SfCRtBDWHUb9snDiAeCFNEtKQo2Wmx5Cou7ajbmo=
golang.org/x/term v0.0.0-20210927222741-03fcf44c2211/go.mod h1:jbD1KX2456YbFQfuXm/mYQcufACuNUgVhRMnK/tPxf8=
golang.org/x/term v0.5.0/go.mod h1:jMB1sMXY+tzblOD4FWmEbocvup2/aLOaQEp7JmGp78k=
golang.org/x/term v0.12.0 h1:/ZfYdc3zq+q02Rv9vGqTeSItdzZTSNDmfTi0mBAuidU=
golang.org/x/term v0.12.0/go.mod h1:owVbMEjm3cBLCHdkQu9b1opXd4ETQWc3BhuQGKgXgvU=
golang.org/x/text v0.3.0/go.mod h1:NqM8EUOU14njkJ3fqMW+pc6Ldnwhi/IjpwHt7yyuwOQ=
golang.org/x/text v0.3.3/go.mod h1:5Zoc/QRtKVWzQhOtBMvqHzDpF6irO9z98xDceosuGiQ=
golang.org/x/text v0.3.7/go.mod h1:u+2+/6zg+i71rQMx5EYifcz6MCKuco9NR6JIITiCfzQ=
golang.org/x/text v0.7.0/go.mod h1:mrYo+phRRbMaCq/xk9113O4dZlRixOauAjOtrjsXDZ8=
golang.org/x/text v0.13.0 h1:ablQoSUd0tRdKxZewP80B+BaqeKJuVhuRxj/dkrun3k=
golang.org/x/text v0.13.0/go.mod h1:TvPlkZtksWOMsz7fbANvkp4WM8x/WCo/om8BMLbz+aE=
golang.org/x/tools v0.0.0-20180917221912-90fa682c2a6e/go.mod h1:n7NCudcB/nEzxVGmLbDWY5pfWTLqBcC2KZ6jyYvM4mQ=
golang.org/x/tools v0.0.0-20191119224855-298f0cb1881e/go.mod h1:b+2E5dAYhXwXZwtnZ6UAqBI28+e2cm9otk0dWdXHAEo=
golang.org/x/tools v0.1.12/go.mod h1:hNGJHUnrk76NpqgfD5Aqm5Crs+Hm0VOH/i9J2+nxYbc=
golang.org/x/tools v0.6.0/go.mod h1:Xwgl3UAJ/d3gWutnCtw505GrjyAbvKui8lOU390QaIU=
golang.org/x/xerrors v0.0.0-20190717185122-a985d3407aa7/go.mod h1:I/5z698sn9Ka8TeJc9MKroUUfqBBauWjQqLJ2OPfmY0=
